// !$*UTF8*$!
{
	archiveVersion = 1;
	classes = {
	};
	objectVersion = 48;
	objects = {

/* Begin PBXBuildFile section */
		5BC8DC379B24CCBD27A8DB51 /* Pods_Unit5GroupProjectTwo.framework in Frameworks */ = {isa = PBXBuildFile; fileRef = F9E7FAE3BF8E8EC2EEE62EED /* Pods_Unit5GroupProjectTwo.framework */; };
		810C65B6201FE3B700A3AB6F /* UserLoginView.swift in Sources */ = {isa = PBXBuildFile; fileRef = 810C65B5201FE3B700A3AB6F /* UserLoginView.swift */; };
		810C65BC2020060E00A3AB6F /* SignUpView.swift in Sources */ = {isa = PBXBuildFile; fileRef = 810C65BB2020060E00A3AB6F /* SignUpView.swift */; };
		810C65BE2020114F00A3AB6F /* SettingsVC.swift in Sources */ = {isa = PBXBuildFile; fileRef = 810C65BD2020114F00A3AB6F /* SettingsVC.swift */; };
		810C65C02020116600A3AB6F /* SettingsView.swift in Sources */ = {isa = PBXBuildFile; fileRef = 810C65BF2020116600A3AB6F /* SettingsView.swift */; };
		81157D3D2023A307000B765B /* User.swift in Sources */ = {isa = PBXBuildFile; fileRef = 81157D3C2023A307000B765B /* User.swift */; };
		81157D3F2023A5B0000B765B /* Vote.swift in Sources */ = {isa = PBXBuildFile; fileRef = 81157D3E2023A5B0000B765B /* Vote.swift */; };
		81157D412023B5BF000B765B /* PostDetailView.swift in Sources */ = {isa = PBXBuildFile; fileRef = 81157D402023B5BF000B765B /* PostDetailView.swift */; };
		81157D432023B5D8000B765B /* CommentTVCell.swift in Sources */ = {isa = PBXBuildFile; fileRef = 81157D422023B5D8000B765B /* CommentTVCell.swift */; };
		81157D452023B64B000B765B /* PostDetailVC.swift in Sources */ = {isa = PBXBuildFile; fileRef = 81157D442023B64B000B765B /* PostDetailVC.swift */; };
		81157D472023B66C000B765B /* PostDetailVC+Extension.swift in Sources */ = {isa = PBXBuildFile; fileRef = 81157D462023B66C000B765B /* PostDetailVC+Extension.swift */; };
		81157D492023B842000B765B /* UserPostsVC.swift in Sources */ = {isa = PBXBuildFile; fileRef = 81157D482023B842000B765B /* UserPostsVC.swift */; };
		81157D4B2023B850000B765B /* UserPostsView.swift in Sources */ = {isa = PBXBuildFile; fileRef = 81157D4A2023B850000B765B /* UserPostsView.swift */; };
		81157D512023DEC3000B765B /* FirebaseAPI.swift in Sources */ = {isa = PBXBuildFile; fileRef = 81157D502023DEC3000B765B /* FirebaseAPI.swift */; };
		81157D532023EBA6000B765B /* ForgotPasswordVC.swift in Sources */ = {isa = PBXBuildFile; fileRef = 81157D522023EBA6000B765B /* ForgotPasswordVC.swift */; };
		81157D552023EBCB000B765B /* ForgotPasswordView.swift in Sources */ = {isa = PBXBuildFile; fileRef = 81157D542023EBCB000B765B /* ForgotPasswordView.swift */; };
		81157D762024F7D3000B765B /* PostService.swift in Sources */ = {isa = PBXBuildFile; fileRef = 81157D752024F7D3000B765B /* PostService.swift */; };
		812655782021108E0021E621 /* FeedTableViewCell.swift in Sources */ = {isa = PBXBuildFile; fileRef = 812655772021108E0021E621 /* FeedTableViewCell.swift */; };
		812772BA202CCE3A00182A8E /* MenuCell.swift in Sources */ = {isa = PBXBuildFile; fileRef = 812772B9202CCE3A00182A8E /* MenuCell.swift */; };
		815EC677202117DD003FEFCD /* SegmentedControlView.swift in Sources */ = {isa = PBXBuildFile; fileRef = 815EC676202117DD003FEFCD /* SegmentedControlView.swift */; };
		81624CE1202263F400D9EAD4 /* MenuView.swift in Sources */ = {isa = PBXBuildFile; fileRef = 81624CE0202263F400D9EAD4 /* MenuView.swift */; };
		81624CE320228E7000D9EAD4 /* MenuVC.swift in Sources */ = {isa = PBXBuildFile; fileRef = 81624CE220228E7000D9EAD4 /* MenuVC.swift */; };
		81727912201FCB89002EE595 /* AppDelegate.swift in Sources */ = {isa = PBXBuildFile; fileRef = 81727911201FCB89002EE595 /* AppDelegate.swift */; };
		81727914201FCB89002EE595 /* ViewController.swift in Sources */ = {isa = PBXBuildFile; fileRef = 81727913201FCB89002EE595 /* ViewController.swift */; };
		81727917201FCB89002EE595 /* Main.storyboard in Resources */ = {isa = PBXBuildFile; fileRef = 81727915201FCB89002EE595 /* Main.storyboard */; };
		81727919201FCB89002EE595 /* Assets.xcassets in Resources */ = {isa = PBXBuildFile; fileRef = 81727918201FCB89002EE595 /* Assets.xcassets */; };
		8172791C201FCB89002EE595 /* LaunchScreen.storyboard in Resources */ = {isa = PBXBuildFile; fileRef = 8172791A201FCB89002EE595 /* LaunchScreen.storyboard */; };
		8172792A201FCFC8002EE595 /* MainVC.swift in Sources */ = {isa = PBXBuildFile; fileRef = 81727929201FCFC8002EE595 /* MainVC.swift */; };
		8172792C201FD007002EE595 /* UserLogInVC.swift in Sources */ = {isa = PBXBuildFile; fileRef = 8172792B201FD007002EE595 /* UserLogInVC.swift */; };
		8172792E201FD01D002EE595 /* GlobalPostFeedVC.swift in Sources */ = {isa = PBXBuildFile; fileRef = 8172792D201FD01D002EE595 /* GlobalPostFeedVC.swift */; };
		81727930201FD03A002EE595 /* UserProfileVC.swift in Sources */ = {isa = PBXBuildFile; fileRef = 8172792F201FD03A002EE595 /* UserProfileVC.swift */; };
		81727937201FD7F3002EE595 /* AppError.swift in Sources */ = {isa = PBXBuildFile; fileRef = 81727936201FD7F3002EE595 /* AppError.swift */; };
		8185FF3F20216DFB00F6760B /* Post.swift in Sources */ = {isa = PBXBuildFile; fileRef = 8185FF3E20216DFB00F6760B /* Post.swift */; };
		8185FF4120216E2200F6760B /* Comment.swift in Sources */ = {isa = PBXBuildFile; fileRef = 8185FF4020216E2200F6760B /* Comment.swift */; };
		8185FF7A2028036500F6760B /* StorageService.swift in Sources */ = {isa = PBXBuildFile; fileRef = 8185FF792028036500F6760B /* StorageService.swift */; };
		8185FF7C202803B600F6760B /* StorageService+Images.swift in Sources */ = {isa = PBXBuildFile; fileRef = 8185FF7B202803B600F6760B /* StorageService+Images.swift */; };
		8185FFF6202A611800F6760B /* GoogleService-Info.plist in Resources */ = {isa = PBXBuildFile; fileRef = 8185FFF5202A611800F6760B /* GoogleService-Info.plist */; };
		81B9AE57202032E70045622F /* NewPostVC.swift in Sources */ = {isa = PBXBuildFile; fileRef = 81B9AE56202032E70045622F /* NewPostVC.swift */; };
		81B9AE592020333D0045622F /* NewPostView.swift in Sources */ = {isa = PBXBuildFile; fileRef = 81B9AE582020333D0045622F /* NewPostView.swift */; };
		81D7285D202117D9006F6B7D /* UserProfileView.swift in Sources */ = {isa = PBXBuildFile; fileRef = 81D7285C202117D9006F6B7D /* UserProfileView.swift */; };
		81DA3258202A442F00E5DE0A /* SWRevealViewController.m in Sources */ = {isa = PBXBuildFile; fileRef = 81DA3256202A404600E5DE0A /* SWRevealViewController.m */; };
		81DA327D202A810C00E5DE0A /* GlobalFeedSegmentedViewController.swift in Sources */ = {isa = PBXBuildFile; fileRef = 81DA327C202A810C00E5DE0A /* GlobalFeedSegmentedViewController.swift */; };
		81E66DA020291AB500A37D8F /* UserPostsTableViewCell.swift in Sources */ = {isa = PBXBuildFile; fileRef = 81E66D9F20291AB500A37D8F /* UserPostsTableViewCell.swift */; };
		81E7C415202628C70067136B /* UpvotedPostsVC.swift in Sources */ = {isa = PBXBuildFile; fileRef = 81E7C414202628C70067136B /* UpvotedPostsVC.swift */; };
		81E7C417202630880067136B /* GlobalPostFeedVC+TableView.swift in Sources */ = {isa = PBXBuildFile; fileRef = 81E7C416202630880067136B /* GlobalPostFeedVC+TableView.swift */; };
		81E7C419202637250067136B /* UpvotedPostsView.swift in Sources */ = {isa = PBXBuildFile; fileRef = 81E7C418202637250067136B /* UpvotedPostsView.swift */; };
		81E7C41B2026379A0067136B /* GlobalPostFeed.storyboard in Resources */ = {isa = PBXBuildFile; fileRef = 81E7C41A2026379A0067136B /* GlobalPostFeed.storyboard */; };
		81E7C41D202638170067136B /* UserService.swift in Sources */ = {isa = PBXBuildFile; fileRef = 81E7C41C202638170067136B /* UserService.swift */; };
		81E7C41F202638200067136B /* VoteService.swift in Sources */ = {isa = PBXBuildFile; fileRef = 81E7C41E202638200067136B /* VoteService.swift */; };
		81E7C4212026382A0067136B /* CommentService.swift in Sources */ = {isa = PBXBuildFile; fileRef = 81E7C4202026382A0067136B /* CommentService.swift */; };
		81ED6102202131BD00072587 /* GlobalPostFeedView.swift in Sources */ = {isa = PBXBuildFile; fileRef = 81ED6101202131BD00072587 /* GlobalPostFeedView.swift */; };
		81ED61052021322700072587 /* UserProfileTableViewCell.swift in Sources */ = {isa = PBXBuildFile; fileRef = 81ED61042021322700072587 /* UserProfileTableViewCell.swift */; };
/* End PBXBuildFile section */

/* Begin PBXFileReference section */
		30614DA021DADB042722320B /* Pods-Unit5GroupProjectTwo.release.xcconfig */ = {isa = PBXFileReference; includeInIndex = 1; lastKnownFileType = text.xcconfig; name = "Pods-Unit5GroupProjectTwo.release.xcconfig"; path = "Pods/Target Support Files/Pods-Unit5GroupProjectTwo/Pods-Unit5GroupProjectTwo.release.xcconfig"; sourceTree = "<group>"; };
		6C9001B8718B7029C2EFA3F8 /* Pods-Unit5GroupProjectTwo.debug.xcconfig */ = {isa = PBXFileReference; includeInIndex = 1; lastKnownFileType = text.xcconfig; name = "Pods-Unit5GroupProjectTwo.debug.xcconfig"; path = "Pods/Target Support Files/Pods-Unit5GroupProjectTwo/Pods-Unit5GroupProjectTwo.debug.xcconfig"; sourceTree = "<group>"; };
		810C65B5201FE3B700A3AB6F /* UserLoginView.swift */ = {isa = PBXFileReference; lastKnownFileType = sourcecode.swift; path = UserLoginView.swift; sourceTree = "<group>"; };
		810C65BB2020060E00A3AB6F /* SignUpView.swift */ = {isa = PBXFileReference; lastKnownFileType = sourcecode.swift; path = SignUpView.swift; sourceTree = "<group>"; };
		810C65BD2020114F00A3AB6F /* SettingsVC.swift */ = {isa = PBXFileReference; lastKnownFileType = sourcecode.swift; path = SettingsVC.swift; sourceTree = "<group>"; };
		810C65BF2020116600A3AB6F /* SettingsView.swift */ = {isa = PBXFileReference; lastKnownFileType = sourcecode.swift; path = SettingsView.swift; sourceTree = "<group>"; };
		81157D3C2023A307000B765B /* User.swift */ = {isa = PBXFileReference; lastKnownFileType = sourcecode.swift; path = User.swift; sourceTree = "<group>"; };
		81157D3E2023A5B0000B765B /* Vote.swift */ = {isa = PBXFileReference; lastKnownFileType = sourcecode.swift; path = Vote.swift; sourceTree = "<group>"; };
		81157D402023B5BF000B765B /* PostDetailView.swift */ = {isa = PBXFileReference; lastKnownFileType = sourcecode.swift; path = PostDetailView.swift; sourceTree = "<group>"; };
		81157D422023B5D8000B765B /* CommentTVCell.swift */ = {isa = PBXFileReference; lastKnownFileType = sourcecode.swift; path = CommentTVCell.swift; sourceTree = "<group>"; };
		81157D442023B64B000B765B /* PostDetailVC.swift */ = {isa = PBXFileReference; lastKnownFileType = sourcecode.swift; path = PostDetailVC.swift; sourceTree = "<group>"; };
		81157D462023B66C000B765B /* PostDetailVC+Extension.swift */ = {isa = PBXFileReference; lastKnownFileType = sourcecode.swift; path = "PostDetailVC+Extension.swift"; sourceTree = "<group>"; };
		81157D482023B842000B765B /* UserPostsVC.swift */ = {isa = PBXFileReference; lastKnownFileType = sourcecode.swift; path = UserPostsVC.swift; sourceTree = "<group>"; };
		81157D4A2023B850000B765B /* UserPostsView.swift */ = {isa = PBXFileReference; lastKnownFileType = sourcecode.swift; path = UserPostsView.swift; sourceTree = "<group>"; };
		81157D502023DEC3000B765B /* FirebaseAPI.swift */ = {isa = PBXFileReference; lastKnownFileType = sourcecode.swift; path = FirebaseAPI.swift; sourceTree = "<group>"; };
		81157D522023EBA6000B765B /* ForgotPasswordVC.swift */ = {isa = PBXFileReference; lastKnownFileType = sourcecode.swift; path = ForgotPasswordVC.swift; sourceTree = "<group>"; };
		81157D542023EBCB000B765B /* ForgotPasswordView.swift */ = {isa = PBXFileReference; lastKnownFileType = sourcecode.swift; path = ForgotPasswordView.swift; sourceTree = "<group>"; };
		81157D752024F7D3000B765B /* PostService.swift */ = {isa = PBXFileReference; lastKnownFileType = sourcecode.swift; path = PostService.swift; sourceTree = "<group>"; };
		812655772021108E0021E621 /* FeedTableViewCell.swift */ = {isa = PBXFileReference; lastKnownFileType = sourcecode.swift; path = FeedTableViewCell.swift; sourceTree = "<group>"; };
		812772B9202CCE3A00182A8E /* MenuCell.swift */ = {isa = PBXFileReference; lastKnownFileType = sourcecode.swift; path = MenuCell.swift; sourceTree = "<group>"; };
		815EC676202117DD003FEFCD /* SegmentedControlView.swift */ = {isa = PBXFileReference; lastKnownFileType = sourcecode.swift; path = SegmentedControlView.swift; sourceTree = "<group>"; };
		81624CE0202263F400D9EAD4 /* MenuView.swift */ = {isa = PBXFileReference; lastKnownFileType = sourcecode.swift; path = MenuView.swift; sourceTree = "<group>"; };
		81624CE220228E7000D9EAD4 /* MenuVC.swift */ = {isa = PBXFileReference; lastKnownFileType = sourcecode.swift; path = MenuVC.swift; sourceTree = "<group>"; };
		8172790E201FCB89002EE595 /* Unit5GroupProjectTwo.app */ = {isa = PBXFileReference; explicitFileType = wrapper.application; includeInIndex = 0; path = Unit5GroupProjectTwo.app; sourceTree = BUILT_PRODUCTS_DIR; };
		81727911201FCB89002EE595 /* AppDelegate.swift */ = {isa = PBXFileReference; lastKnownFileType = sourcecode.swift; path = AppDelegate.swift; sourceTree = "<group>"; };
		81727913201FCB89002EE595 /* ViewController.swift */ = {isa = PBXFileReference; lastKnownFileType = sourcecode.swift; path = ViewController.swift; sourceTree = "<group>"; };
		81727916201FCB89002EE595 /* Base */ = {isa = PBXFileReference; lastKnownFileType = file.storyboard; name = Base; path = Base.lproj/Main.storyboard; sourceTree = "<group>"; };
		81727918201FCB89002EE595 /* Assets.xcassets */ = {isa = PBXFileReference; lastKnownFileType = folder.assetcatalog; path = Assets.xcassets; sourceTree = "<group>"; };
		8172791B201FCB89002EE595 /* Base */ = {isa = PBXFileReference; lastKnownFileType = file.storyboard; name = Base; path = Base.lproj/LaunchScreen.storyboard; sourceTree = "<group>"; };
		8172791D201FCB89002EE595 /* Info.plist */ = {isa = PBXFileReference; lastKnownFileType = text.plist.xml; path = Info.plist; sourceTree = "<group>"; };
		81727929201FCFC8002EE595 /* MainVC.swift */ = {isa = PBXFileReference; lastKnownFileType = sourcecode.swift; path = MainVC.swift; sourceTree = "<group>"; };
		8172792B201FD007002EE595 /* UserLogInVC.swift */ = {isa = PBXFileReference; lastKnownFileType = sourcecode.swift; path = UserLogInVC.swift; sourceTree = "<group>"; };
		8172792D201FD01D002EE595 /* GlobalPostFeedVC.swift */ = {isa = PBXFileReference; lastKnownFileType = sourcecode.swift; path = GlobalPostFeedVC.swift; sourceTree = "<group>"; };
		8172792F201FD03A002EE595 /* UserProfileVC.swift */ = {isa = PBXFileReference; lastKnownFileType = sourcecode.swift; path = UserProfileVC.swift; sourceTree = "<group>"; };
		81727936201FD7F3002EE595 /* AppError.swift */ = {isa = PBXFileReference; lastKnownFileType = sourcecode.swift; path = AppError.swift; sourceTree = "<group>"; };
		8185FF3E20216DFB00F6760B /* Post.swift */ = {isa = PBXFileReference; lastKnownFileType = sourcecode.swift; path = Post.swift; sourceTree = "<group>"; };
		8185FF4020216E2200F6760B /* Comment.swift */ = {isa = PBXFileReference; lastKnownFileType = sourcecode.swift; path = Comment.swift; sourceTree = "<group>"; };
		8185FF792028036500F6760B /* StorageService.swift */ = {isa = PBXFileReference; lastKnownFileType = sourcecode.swift; path = StorageService.swift; sourceTree = "<group>"; };
		8185FF7B202803B600F6760B /* StorageService+Images.swift */ = {isa = PBXFileReference; lastKnownFileType = sourcecode.swift; path = "StorageService+Images.swift"; sourceTree = "<group>"; };
		8185FFF5202A611800F6760B /* GoogleService-Info.plist */ = {isa = PBXFileReference; fileEncoding = 4; lastKnownFileType = text.plist.xml; name = "GoogleService-Info.plist"; path = "../GoogleService-Info.plist"; sourceTree = "<group>"; };
		81B9AE56202032E70045622F /* NewPostVC.swift */ = {isa = PBXFileReference; lastKnownFileType = sourcecode.swift; path = NewPostVC.swift; sourceTree = "<group>"; };
		81B9AE582020333D0045622F /* NewPostView.swift */ = {isa = PBXFileReference; lastKnownFileType = sourcecode.swift; path = NewPostView.swift; sourceTree = "<group>"; };
		81D7285C202117D9006F6B7D /* UserProfileView.swift */ = {isa = PBXFileReference; fileEncoding = 4; lastKnownFileType = sourcecode.swift; path = UserProfileView.swift; sourceTree = "<group>"; };
		81DA3254202A37F000E5DE0A /* Unit5GroupProjectTwo-Bridging-Header.h */ = {isa = PBXFileReference; lastKnownFileType = sourcecode.c.h; path = "Unit5GroupProjectTwo-Bridging-Header.h"; sourceTree = "<group>"; };
		81DA3255202A404200E5DE0A /* SWRevealViewController.h */ = {isa = PBXFileReference; lastKnownFileType = sourcecode.c.h; path = SWRevealViewController.h; sourceTree = "<group>"; };
		81DA3256202A404600E5DE0A /* SWRevealViewController.m */ = {isa = PBXFileReference; lastKnownFileType = sourcecode.c.objc; path = SWRevealViewController.m; sourceTree = "<group>"; };
		81DA327C202A810C00E5DE0A /* GlobalFeedSegmentedViewController.swift */ = {isa = PBXFileReference; lastKnownFileType = sourcecode.swift; path = GlobalFeedSegmentedViewController.swift; sourceTree = "<group>"; };
		81E66D9F20291AB500A37D8F /* UserPostsTableViewCell.swift */ = {isa = PBXFileReference; lastKnownFileType = sourcecode.swift; path = UserPostsTableViewCell.swift; sourceTree = "<group>"; };
		81E7C414202628C70067136B /* UpvotedPostsVC.swift */ = {isa = PBXFileReference; lastKnownFileType = sourcecode.swift; path = UpvotedPostsVC.swift; sourceTree = "<group>"; };
		81E7C416202630880067136B /* GlobalPostFeedVC+TableView.swift */ = {isa = PBXFileReference; lastKnownFileType = sourcecode.swift; path = "GlobalPostFeedVC+TableView.swift"; sourceTree = "<group>"; };
		81E7C418202637250067136B /* UpvotedPostsView.swift */ = {isa = PBXFileReference; lastKnownFileType = sourcecode.swift; path = UpvotedPostsView.swift; sourceTree = "<group>"; };
		81E7C41A2026379A0067136B /* GlobalPostFeed.storyboard */ = {isa = PBXFileReference; lastKnownFileType = file.storyboard; path = GlobalPostFeed.storyboard; sourceTree = "<group>"; };
		81E7C41C202638170067136B /* UserService.swift */ = {isa = PBXFileReference; lastKnownFileType = sourcecode.swift; path = UserService.swift; sourceTree = "<group>"; };
		81E7C41E202638200067136B /* VoteService.swift */ = {isa = PBXFileReference; lastKnownFileType = sourcecode.swift; path = VoteService.swift; sourceTree = "<group>"; };
		81E7C4202026382A0067136B /* CommentService.swift */ = {isa = PBXFileReference; lastKnownFileType = sourcecode.swift; path = CommentService.swift; sourceTree = "<group>"; };
		81ED6101202131BD00072587 /* GlobalPostFeedView.swift */ = {isa = PBXFileReference; fileEncoding = 4; lastKnownFileType = sourcecode.swift; path = GlobalPostFeedView.swift; sourceTree = "<group>"; };
		81ED61042021322700072587 /* UserProfileTableViewCell.swift */ = {isa = PBXFileReference; fileEncoding = 4; lastKnownFileType = sourcecode.swift; name = UserProfileTableViewCell.swift; path = Unit5GroupProjectTwo/SupportViews/UserProfileTableViewCell.swift; sourceTree = SOURCE_ROOT; };
		F9E7FAE3BF8E8EC2EEE62EED /* Pods_Unit5GroupProjectTwo.framework */ = {isa = PBXFileReference; explicitFileType = wrapper.framework; includeInIndex = 0; path = Pods_Unit5GroupProjectTwo.framework; sourceTree = BUILT_PRODUCTS_DIR; };
/* End PBXFileReference section */

/* Begin PBXFrameworksBuildPhase section */
		8172790B201FCB89002EE595 /* Frameworks */ = {
			isa = PBXFrameworksBuildPhase;
			buildActionMask = 2147483647;
			files = (
				5BC8DC379B24CCBD27A8DB51 /* Pods_Unit5GroupProjectTwo.framework in Frameworks */,
			);
			runOnlyForDeploymentPostprocessing = 0;
		};
/* End PBXFrameworksBuildPhase section */

/* Begin PBXGroup section */
		12F7144E4EFD4351AAB01932 /* Pods */ = {
			isa = PBXGroup;
			children = (
				6C9001B8718B7029C2EFA3F8 /* Pods-Unit5GroupProjectTwo.debug.xcconfig */,
				30614DA021DADB042722320B /* Pods-Unit5GroupProjectTwo.release.xcconfig */,
			);
			name = Pods;
			sourceTree = "<group>";
		};
		81157D742024F7C3000B765B /* Services */ = {
			isa = PBXGroup;
			children = (
				81157D752024F7D3000B765B /* PostService.swift */,
				81E7C41C202638170067136B /* UserService.swift */,
				81E7C41E202638200067136B /* VoteService.swift */,
				81E7C4202026382A0067136B /* CommentService.swift */,
				81157D502023DEC3000B765B /* FirebaseAPI.swift */,
				8185FF792028036500F6760B /* StorageService.swift */,
				8185FF7B202803B600F6760B /* StorageService+Images.swift */,
			);
			path = Services;
			sourceTree = "<group>";
		};
		81727905201FCB89002EE595 = {
			isa = PBXGroup;
			children = (
				81727910201FCB89002EE595 /* Unit5GroupProjectTwo */,
				8172790F201FCB89002EE595 /* Products */,
				12F7144E4EFD4351AAB01932 /* Pods */,
				ABE95A418F335C752D2F0330 /* Frameworks */,
			);
			sourceTree = "<group>";
		};
		8172790F201FCB89002EE595 /* Products */ = {
			isa = PBXGroup;
			children = (
				8172790E201FCB89002EE595 /* Unit5GroupProjectTwo.app */,
			);
			name = Products;
			sourceTree = "<group>";
		};
		81727910201FCB89002EE595 /* Unit5GroupProjectTwo */ = {
			isa = PBXGroup;
			children = (
				81E7C40E20261F6D0067136B /* SWRevealViewController */,
				81727926201FCEA2002EE595 /* VCs */,
				81727927201FCEAC002EE595 /* VCViews */,
				81E7C40C202619010067136B /* SupportViews */,
				81E7C4132026230C0067136B /* Storyboards */,
				81727925201FCE9C002EE595 /* Models */,
				81157D742024F7C3000B765B /* Services */,
				81727928201FCEBB002EE595 /* SupportFiles */,
				81E7C40D20261F5A0067136B /* temp */,
				8172791D201FCB89002EE595 /* Info.plist */,
				8185FFF5202A611800F6760B /* GoogleService-Info.plist */,
			);
			path = Unit5GroupProjectTwo;
			sourceTree = "<group>";
		};
		81727925201FCE9C002EE595 /* Models */ = {
			isa = PBXGroup;
			children = (
				8185FF3E20216DFB00F6760B /* Post.swift */,
				81157D3C2023A307000B765B /* User.swift */,
				81157D3E2023A5B0000B765B /* Vote.swift */,
				8185FF4020216E2200F6760B /* Comment.swift */,
			);
			path = Models;
			sourceTree = "<group>";
		};
		81727926201FCEA2002EE595 /* VCs */ = {
			isa = PBXGroup;
			children = (
				8172792B201FD007002EE595 /* UserLogInVC.swift */,
				81157D522023EBA6000B765B /* ForgotPasswordVC.swift */,
				8172792D201FD01D002EE595 /* GlobalPostFeedVC.swift */,
				81E7C416202630880067136B /* GlobalPostFeedVC+TableView.swift */,
				81DA327C202A810C00E5DE0A /* GlobalFeedSegmentedViewController.swift */,
				81624CE220228E7000D9EAD4 /* MenuVC.swift */,
				8172792F201FD03A002EE595 /* UserProfileVC.swift */,
				810C65BD2020114F00A3AB6F /* SettingsVC.swift */,
				81E7C414202628C70067136B /* UpvotedPostsVC.swift */,
				81157D482023B842000B765B /* UserPostsVC.swift */,
				81157D442023B64B000B765B /* PostDetailVC.swift */,
				81157D462023B66C000B765B /* PostDetailVC+Extension.swift */,
				81B9AE56202032E70045622F /* NewPostVC.swift */,
				81727929201FCFC8002EE595 /* MainVC.swift */,
			);
			path = VCs;
			sourceTree = "<group>";
		};
		81727927201FCEAC002EE595 /* VCViews */ = {
			isa = PBXGroup;
			children = (
				810C65B5201FE3B700A3AB6F /* UserLoginView.swift */,
				810C65BB2020060E00A3AB6F /* SignUpView.swift */,
				81157D542023EBCB000B765B /* ForgotPasswordView.swift */,
				81ED6101202131BD00072587 /* GlobalPostFeedView.swift */,
				81624CE0202263F400D9EAD4 /* MenuView.swift */,
				812772B9202CCE3A00182A8E /* MenuCell.swift */,
				81D7285C202117D9006F6B7D /* UserProfileView.swift */,
				810C65BF2020116600A3AB6F /* SettingsView.swift */,
				81E7C418202637250067136B /* UpvotedPostsView.swift */,
				81157D4A2023B850000B765B /* UserPostsView.swift */,
				81157D402023B5BF000B765B /* PostDetailView.swift */,
			);
			path = VCViews;
			sourceTree = "<group>";
		};
		81727928201FCEBB002EE595 /* SupportFiles */ = {
			isa = PBXGroup;
			children = (
				81727911201FCB89002EE595 /* AppDelegate.swift */,
				81727936201FD7F3002EE595 /* AppError.swift */,
				81727913201FCB89002EE595 /* ViewController.swift */,
				81727915201FCB89002EE595 /* Main.storyboard */,
				81727918201FCB89002EE595 /* Assets.xcassets */,
				8172791A201FCB89002EE595 /* LaunchScreen.storyboard */,
			);
			path = SupportFiles;
			sourceTree = "<group>";
		};
		81E7C40C202619010067136B /* SupportViews */ = {
			isa = PBXGroup;
			children = (
				81157D422023B5D8000B765B /* CommentTVCell.swift */,
				815EC676202117DD003FEFCD /* SegmentedControlView.swift */,
				81ED61042021322700072587 /* UserProfileTableViewCell.swift */,
				812655772021108E0021E621 /* FeedTableViewCell.swift */,
			);
			path = SupportViews;
			sourceTree = "<group>";
		};
		81E7C40D20261F5A0067136B /* temp */ = {
			isa = PBXGroup;
			children = (
				81E7C41220261FBD0067136B /* Diego */,
				81E7C41120261F960067136B /* Gloria */,
				81E7C41020261F8D0067136B /* Marlon */,
				81E7C40F20261F780067136B /* Meseret */,
			);
			path = temp;
			sourceTree = "<group>";
		};
		81E7C40E20261F6D0067136B /* SWRevealViewController */ = {
			isa = PBXGroup;
			children = (
				81DA3255202A404200E5DE0A /* SWRevealViewController.h */,
				81DA3256202A404600E5DE0A /* SWRevealViewController.m */,
				81DA3254202A37F000E5DE0A /* Unit5GroupProjectTwo-Bridging-Header.h */,
			);
			path = SWRevealViewController;
			sourceTree = "<group>";
		};
		81E7C40F20261F780067136B /* Meseret */ = {
			isa = PBXGroup;
			children = (
				81E66D9F20291AB500A37D8F /* UserPostsTableViewCell.swift */,
			);
			path = Meseret;
			sourceTree = "<group>";
		};
		81E7C41020261F8D0067136B /* Marlon */ = {
			isa = PBXGroup;
			children = (
			);
			path = Marlon;
			sourceTree = "<group>";
		};
		81E7C41120261F960067136B /* Gloria */ = {
			isa = PBXGroup;
			children = (
			);
			path = Gloria;
			sourceTree = "<group>";
		};
		81E7C41220261FBD0067136B /* Diego */ = {
			isa = PBXGroup;
			children = (
			);
			path = Diego;
			sourceTree = "<group>";
		};
		81E7C4132026230C0067136B /* Storyboards */ = {
			isa = PBXGroup;
			children = (
				81B9AE582020333D0045622F /* NewPostView.swift */,
				81E7C41A2026379A0067136B /* GlobalPostFeed.storyboard */,
			);
			path = Storyboards;
			sourceTree = "<group>";
		};
		ABE95A418F335C752D2F0330 /* Frameworks */ = {
			isa = PBXGroup;
			children = (
				F9E7FAE3BF8E8EC2EEE62EED /* Pods_Unit5GroupProjectTwo.framework */,
			);
			name = Frameworks;
			sourceTree = "<group>";
		};
/* End PBXGroup section */

/* Begin PBXNativeTarget section */
		8172790D201FCB89002EE595 /* Unit5GroupProjectTwo */ = {
			isa = PBXNativeTarget;
			buildConfigurationList = 81727920201FCB89002EE595 /* Build configuration list for PBXNativeTarget "Unit5GroupProjectTwo" */;
			buildPhases = (
				BC0F4E0E24940955DD059EB0 /* [CP] Check Pods Manifest.lock */,
				8172790A201FCB89002EE595 /* Sources */,
				8172790B201FCB89002EE595 /* Frameworks */,
				8172790C201FCB89002EE595 /* Resources */,
				E29837BC6821F9EF822F6924 /* [CP] Embed Pods Frameworks */,
				4EB89618BBC8D86F06103845 /* [CP] Copy Pods Resources */,
			);
			buildRules = (
			);
			dependencies = (
			);
			name = Unit5GroupProjectTwo;
			productName = Unit5GroupProjectTwo;
			productReference = 8172790E201FCB89002EE595 /* Unit5GroupProjectTwo.app */;
			productType = "com.apple.product-type.application";
		};
/* End PBXNativeTarget section */

/* Begin PBXProject section */
		81727906201FCB89002EE595 /* Project object */ = {
			isa = PBXProject;
			attributes = {
				LastSwiftUpdateCheck = 0920;
				LastUpgradeCheck = 0920;
				ORGANIZATIONNAME = C4Q;
				TargetAttributes = {
					8172790D201FCB89002EE595 = {
						CreatedOnToolsVersion = 9.2;
						LastSwiftMigration = 0920;
						ProvisioningStyle = Automatic;
					};
				};
			};
			buildConfigurationList = 81727909201FCB89002EE595 /* Build configuration list for PBXProject "Unit5GroupProjectTwo" */;
			compatibilityVersion = "Xcode 8.0";
			developmentRegion = en;
			hasScannedForEncodings = 0;
			knownRegions = (
				en,
				Base,
			);
			mainGroup = 81727905201FCB89002EE595;
			productRefGroup = 8172790F201FCB89002EE595 /* Products */;
			projectDirPath = "";
			projectRoot = "";
			targets = (
				8172790D201FCB89002EE595 /* Unit5GroupProjectTwo */,
			);
		};
/* End PBXProject section */

/* Begin PBXResourcesBuildPhase section */
		8172790C201FCB89002EE595 /* Resources */ = {
			isa = PBXResourcesBuildPhase;
			buildActionMask = 2147483647;
			files = (
				8172791C201FCB89002EE595 /* LaunchScreen.storyboard in Resources */,
				81E7C41B2026379A0067136B /* GlobalPostFeed.storyboard in Resources */,
				8185FFF6202A611800F6760B /* GoogleService-Info.plist in Resources */,
				81727919201FCB89002EE595 /* Assets.xcassets in Resources */,
				81727917201FCB89002EE595 /* Main.storyboard in Resources */,
			);
			runOnlyForDeploymentPostprocessing = 0;
		};
/* End PBXResourcesBuildPhase section */

/* Begin PBXShellScriptBuildPhase section */
		4EB89618BBC8D86F06103845 /* [CP] Copy Pods Resources */ = {
			isa = PBXShellScriptBuildPhase;
			buildActionMask = 2147483647;
			files = (
			);
			inputPaths = (
			);
			name = "[CP] Copy Pods Resources";
			outputPaths = (
			);
			runOnlyForDeploymentPostprocessing = 0;
			shellPath = /bin/sh;
			shellScript = "\"${SRCROOT}/Pods/Target Support Files/Pods-Unit5GroupProjectTwo/Pods-Unit5GroupProjectTwo-resources.sh\"\n";
			showEnvVarsInLog = 0;
		};
		BC0F4E0E24940955DD059EB0 /* [CP] Check Pods Manifest.lock */ = {
			isa = PBXShellScriptBuildPhase;
			buildActionMask = 2147483647;
			files = (
			);
			inputPaths = (
				"${PODS_PODFILE_DIR_PATH}/Podfile.lock",
				"${PODS_ROOT}/Manifest.lock",
			);
			name = "[CP] Check Pods Manifest.lock";
			outputPaths = (
				"$(DERIVED_FILE_DIR)/Pods-Unit5GroupProjectTwo-checkManifestLockResult.txt",
			);
			runOnlyForDeploymentPostprocessing = 0;
			shellPath = /bin/sh;
			shellScript = "diff \"${PODS_PODFILE_DIR_PATH}/Podfile.lock\" \"${PODS_ROOT}/Manifest.lock\" > /dev/null\nif [ $? != 0 ] ; then\n    # print error to STDERR\n    echo \"error: The sandbox is not in sync with the Podfile.lock. Run 'pod install' or update your CocoaPods installation.\" >&2\n    exit 1\nfi\n# This output is used by Xcode 'outputs' to avoid re-running this script phase.\necho \"SUCCESS\" > \"${SCRIPT_OUTPUT_FILE_0}\"\n";
			showEnvVarsInLog = 0;
		};
		E29837BC6821F9EF822F6924 /* [CP] Embed Pods Frameworks */ = {
			isa = PBXShellScriptBuildPhase;
			buildActionMask = 2147483647;
			files = (
			);
			inputPaths = (
				"${SRCROOT}/Pods/Target Support Files/Pods-Unit5GroupProjectTwo/Pods-Unit5GroupProjectTwo-frameworks.sh",
				"${BUILT_PRODUCTS_DIR}/GTMSessionFetcher/GTMSessionFetcher.framework",
				"${BUILT_PRODUCTS_DIR}/GoogleToolboxForMac/GoogleToolboxForMac.framework",
				"${BUILT_PRODUCTS_DIR}/Kingfisher/Kingfisher.framework",
				"${BUILT_PRODUCTS_DIR}/SnapKit/SnapKit.framework",
				"${BUILT_PRODUCTS_DIR}/leveldb-library/leveldb.framework",
				"${BUILT_PRODUCTS_DIR}/nanopb/nanopb.framework",
			);
			name = "[CP] Embed Pods Frameworks";
			outputPaths = (
				"${TARGET_BUILD_DIR}/${FRAMEWORKS_FOLDER_PATH}/GTMSessionFetcher.framework",
				"${TARGET_BUILD_DIR}/${FRAMEWORKS_FOLDER_PATH}/GoogleToolboxForMac.framework",
				"${TARGET_BUILD_DIR}/${FRAMEWORKS_FOLDER_PATH}/Kingfisher.framework",
				"${TARGET_BUILD_DIR}/${FRAMEWORKS_FOLDER_PATH}/SnapKit.framework",
				"${TARGET_BUILD_DIR}/${FRAMEWORKS_FOLDER_PATH}/leveldb.framework",
				"${TARGET_BUILD_DIR}/${FRAMEWORKS_FOLDER_PATH}/nanopb.framework",
			);
			runOnlyForDeploymentPostprocessing = 0;
			shellPath = /bin/sh;
			shellScript = "\"${SRCROOT}/Pods/Target Support Files/Pods-Unit5GroupProjectTwo/Pods-Unit5GroupProjectTwo-frameworks.sh\"\n";
			showEnvVarsInLog = 0;
		};
/* End PBXShellScriptBuildPhase section */

/* Begin PBXSourcesBuildPhase section */
		8172790A201FCB89002EE595 /* Sources */ = {
			isa = PBXSourcesBuildPhase;
			buildActionMask = 2147483647;
			files = (
				81157D4B2023B850000B765B /* UserPostsView.swift in Sources */,
				81B9AE57202032E70045622F /* NewPostVC.swift in Sources */,
				81E7C415202628C70067136B /* UpvotedPostsVC.swift in Sources */,
				81E7C4212026382A0067136B /* CommentService.swift in Sources */,
				8172792A201FCFC8002EE595 /* MainVC.swift in Sources */,
				81E7C417202630880067136B /* GlobalPostFeedVC+TableView.swift in Sources */,
				81DA327D202A810C00E5DE0A /* GlobalFeedSegmentedViewController.swift in Sources */,
				81157D472023B66C000B765B /* PostDetailVC+Extension.swift in Sources */,
				81157D3F2023A5B0000B765B /* Vote.swift in Sources */,
				81157D432023B5D8000B765B /* CommentTVCell.swift in Sources */,
				81B9AE592020333D0045622F /* NewPostView.swift in Sources */,
				81157D532023EBA6000B765B /* ForgotPasswordVC.swift in Sources */,
				81157D762024F7D3000B765B /* PostService.swift in Sources */,
				81157D552023EBCB000B765B /* ForgotPasswordView.swift in Sources */,
				81157D3D2023A307000B765B /* User.swift in Sources */,
				81157D412023B5BF000B765B /* PostDetailView.swift in Sources */,
				81727930201FD03A002EE595 /* UserProfileVC.swift in Sources */,
				81624CE320228E7000D9EAD4 /* MenuVC.swift in Sources */,
				81ED6102202131BD00072587 /* GlobalPostFeedView.swift in Sources */,
				81ED61052021322700072587 /* UserProfileTableViewCell.swift in Sources */,
				81DA3258202A442F00E5DE0A /* SWRevealViewController.m in Sources */,
				81727914201FCB89002EE595 /* ViewController.swift in Sources */,
				81624CE1202263F400D9EAD4 /* MenuView.swift in Sources */,
				81157D512023DEC3000B765B /* FirebaseAPI.swift in Sources */,
				810C65B6201FE3B700A3AB6F /* UserLoginView.swift in Sources */,
				810C65C02020116600A3AB6F /* SettingsView.swift in Sources */,
				8185FF3F20216DFB00F6760B /* Post.swift in Sources */,
				81157D492023B842000B765B /* UserPostsVC.swift in Sources */,
				812772BA202CCE3A00182A8E /* MenuCell.swift in Sources */,
				810C65BC2020060E00A3AB6F /* SignUpView.swift in Sources */,
				81727937201FD7F3002EE595 /* AppError.swift in Sources */,
				8185FF7A2028036500F6760B /* StorageService.swift in Sources */,
				815EC677202117DD003FEFCD /* SegmentedControlView.swift in Sources */,
				81D7285D202117D9006F6B7D /* UserProfileView.swift in Sources */,
				81E7C419202637250067136B /* UpvotedPostsView.swift in Sources */,
				81E7C41F202638200067136B /* VoteService.swift in Sources */,
				8172792E201FD01D002EE595 /* GlobalPostFeedVC.swift in Sources */,
				8185FF4120216E2200F6760B /* Comment.swift in Sources */,
				81E7C41D202638170067136B /* UserService.swift in Sources */,
				810C65BE2020114F00A3AB6F /* SettingsVC.swift in Sources */,
				81157D452023B64B000B765B /* PostDetailVC.swift in Sources */,
				81E66DA020291AB500A37D8F /* UserPostsTableViewCell.swift in Sources */,
				81727912201FCB89002EE595 /* AppDelegate.swift in Sources */,
				8172792C201FD007002EE595 /* UserLogInVC.swift in Sources */,
				812655782021108E0021E621 /* FeedTableViewCell.swift in Sources */,
				8185FF7C202803B600F6760B /* StorageService+Images.swift in Sources */,
			);
			runOnlyForDeploymentPostprocessing = 0;
		};
/* End PBXSourcesBuildPhase section */

/* Begin PBXVariantGroup section */
		81727915201FCB89002EE595 /* Main.storyboard */ = {
			isa = PBXVariantGroup;
			children = (
				81727916201FCB89002EE595 /* Base */,
			);
			name = Main.storyboard;
			sourceTree = "<group>";
		};
		8172791A201FCB89002EE595 /* LaunchScreen.storyboard */ = {
			isa = PBXVariantGroup;
			children = (
				8172791B201FCB89002EE595 /* Base */,
			);
			name = LaunchScreen.storyboard;
			sourceTree = "<group>";
		};
/* End PBXVariantGroup section */

/* Begin XCBuildConfiguration section */
		8172791E201FCB89002EE595 /* Debug */ = {
			isa = XCBuildConfiguration;
			buildSettings = {
				ALWAYS_SEARCH_USER_PATHS = NO;
				CLANG_ANALYZER_NONNULL = YES;
				CLANG_ANALYZER_NUMBER_OBJECT_CONVERSION = YES_AGGRESSIVE;
				CLANG_CXX_LANGUAGE_STANDARD = "gnu++14";
				CLANG_CXX_LIBRARY = "libc++";
				CLANG_ENABLE_MODULES = YES;
				CLANG_ENABLE_OBJC_ARC = YES;
				CLANG_WARN_BLOCK_CAPTURE_AUTORELEASING = YES;
				CLANG_WARN_BOOL_CONVERSION = YES;
				CLANG_WARN_COMMA = YES;
				CLANG_WARN_CONSTANT_CONVERSION = YES;
				CLANG_WARN_DIRECT_OBJC_ISA_USAGE = YES_ERROR;
				CLANG_WARN_DOCUMENTATION_COMMENTS = YES;
				CLANG_WARN_EMPTY_BODY = YES;
				CLANG_WARN_ENUM_CONVERSION = YES;
				CLANG_WARN_INFINITE_RECURSION = YES;
				CLANG_WARN_INT_CONVERSION = YES;
				CLANG_WARN_NON_LITERAL_NULL_CONVERSION = YES;
				CLANG_WARN_OBJC_LITERAL_CONVERSION = YES;
				CLANG_WARN_OBJC_ROOT_CLASS = YES_ERROR;
				CLANG_WARN_RANGE_LOOP_ANALYSIS = YES;
				CLANG_WARN_STRICT_PROTOTYPES = YES;
				CLANG_WARN_SUSPICIOUS_MOVE = YES;
				CLANG_WARN_UNGUARDED_AVAILABILITY = YES_AGGRESSIVE;
				CLANG_WARN_UNREACHABLE_CODE = YES;
				CLANG_WARN__DUPLICATE_METHOD_MATCH = YES;
				CODE_SIGN_IDENTITY = "iPhone Developer";
				COPY_PHASE_STRIP = NO;
				DEBUG_INFORMATION_FORMAT = dwarf;
				ENABLE_STRICT_OBJC_MSGSEND = YES;
				ENABLE_TESTABILITY = YES;
				GCC_C_LANGUAGE_STANDARD = gnu11;
				GCC_DYNAMIC_NO_PIC = NO;
				GCC_NO_COMMON_BLOCKS = YES;
				GCC_OPTIMIZATION_LEVEL = 0;
				GCC_PREPROCESSOR_DEFINITIONS = (
					"DEBUG=1",
					"$(inherited)",
				);
				GCC_WARN_64_TO_32_BIT_CONVERSION = YES;
				GCC_WARN_ABOUT_RETURN_TYPE = YES_ERROR;
				GCC_WARN_UNDECLARED_SELECTOR = YES;
				GCC_WARN_UNINITIALIZED_AUTOS = YES_AGGRESSIVE;
				GCC_WARN_UNUSED_FUNCTION = YES;
				GCC_WARN_UNUSED_VARIABLE = YES;
				IPHONEOS_DEPLOYMENT_TARGET = 11.2;
				MTL_ENABLE_DEBUG_INFO = YES;
				ONLY_ACTIVE_ARCH = YES;
				SDKROOT = iphoneos;
				SWIFT_ACTIVE_COMPILATION_CONDITIONS = DEBUG;
				SWIFT_OPTIMIZATION_LEVEL = "-Onone";
			};
			name = Debug;
		};
		8172791F201FCB89002EE595 /* Release */ = {
			isa = XCBuildConfiguration;
			buildSettings = {
				ALWAYS_SEARCH_USER_PATHS = NO;
				CLANG_ANALYZER_NONNULL = YES;
				CLANG_ANALYZER_NUMBER_OBJECT_CONVERSION = YES_AGGRESSIVE;
				CLANG_CXX_LANGUAGE_STANDARD = "gnu++14";
				CLANG_CXX_LIBRARY = "libc++";
				CLANG_ENABLE_MODULES = YES;
				CLANG_ENABLE_OBJC_ARC = YES;
				CLANG_WARN_BLOCK_CAPTURE_AUTORELEASING = YES;
				CLANG_WARN_BOOL_CONVERSION = YES;
				CLANG_WARN_COMMA = YES;
				CLANG_WARN_CONSTANT_CONVERSION = YES;
				CLANG_WARN_DIRECT_OBJC_ISA_USAGE = YES_ERROR;
				CLANG_WARN_DOCUMENTATION_COMMENTS = YES;
				CLANG_WARN_EMPTY_BODY = YES;
				CLANG_WARN_ENUM_CONVERSION = YES;
				CLANG_WARN_INFINITE_RECURSION = YES;
				CLANG_WARN_INT_CONVERSION = YES;
				CLANG_WARN_NON_LITERAL_NULL_CONVERSION = YES;
				CLANG_WARN_OBJC_LITERAL_CONVERSION = YES;
				CLANG_WARN_OBJC_ROOT_CLASS = YES_ERROR;
				CLANG_WARN_RANGE_LOOP_ANALYSIS = YES;
				CLANG_WARN_STRICT_PROTOTYPES = YES;
				CLANG_WARN_SUSPICIOUS_MOVE = YES;
				CLANG_WARN_UNGUARDED_AVAILABILITY = YES_AGGRESSIVE;
				CLANG_WARN_UNREACHABLE_CODE = YES;
				CLANG_WARN__DUPLICATE_METHOD_MATCH = YES;
				CODE_SIGN_IDENTITY = "iPhone Developer";
				COPY_PHASE_STRIP = NO;
				DEBUG_INFORMATION_FORMAT = "dwarf-with-dsym";
				ENABLE_NS_ASSERTIONS = NO;
				ENABLE_STRICT_OBJC_MSGSEND = YES;
				GCC_C_LANGUAGE_STANDARD = gnu11;
				GCC_NO_COMMON_BLOCKS = YES;
				GCC_WARN_64_TO_32_BIT_CONVERSION = YES;
				GCC_WARN_ABOUT_RETURN_TYPE = YES_ERROR;
				GCC_WARN_UNDECLARED_SELECTOR = YES;
				GCC_WARN_UNINITIALIZED_AUTOS = YES_AGGRESSIVE;
				GCC_WARN_UNUSED_FUNCTION = YES;
				GCC_WARN_UNUSED_VARIABLE = YES;
				IPHONEOS_DEPLOYMENT_TARGET = 11.2;
				MTL_ENABLE_DEBUG_INFO = NO;
				SDKROOT = iphoneos;
				SWIFT_OPTIMIZATION_LEVEL = "-Owholemodule";
				VALIDATE_PRODUCT = YES;
			};
			name = Release;
		};
		81727921201FCB89002EE595 /* Debug */ = {
			isa = XCBuildConfiguration;
			baseConfigurationReference = 6C9001B8718B7029C2EFA3F8 /* Pods-Unit5GroupProjectTwo.debug.xcconfig */;
			buildSettings = {
				ASSETCATALOG_COMPILER_APPICON_NAME = AppIcon;
				CLANG_ENABLE_MODULES = YES;
				"CODE_SIGN_IDENTITY[sdk=iphoneos*]" = "iPhone Developer";
				CODE_SIGN_STYLE = Automatic;
				DEVELOPMENT_TEAM = "";
				INFOPLIST_FILE = Unit5GroupProjectTwo/Info.plist;
				IPHONEOS_DEPLOYMENT_TARGET = 11.2;
				LD_RUNPATH_SEARCH_PATHS = "$(inherited) @executable_path/Frameworks";
				PRODUCT_BUNDLE_IDENTIFIER = ac.c4q.nyc.Unit5GroupProjectTwo;
				PRODUCT_NAME = "$(TARGET_NAME)";
				PROVISIONING_PROFILE_SPECIFIER = "";
				SWIFT_OBJC_BRIDGING_HEADER = "XianXian/Unit5GroupProjectTwo-Bridging-Header.h";
				SWIFT_OPTIMIZATION_LEVEL = "-Onone";
				SWIFT_VERSION = 4.0;
				TARGETED_DEVICE_FAMILY = "1,2";
			};
			name = Debug;
		};
		81727922201FCB89002EE595 /* Release */ = {
			isa = XCBuildConfiguration;
			baseConfigurationReference = 30614DA021DADB042722320B /* Pods-Unit5GroupProjectTwo.release.xcconfig */;
			buildSettings = {
				ASSETCATALOG_COMPILER_APPICON_NAME = AppIcon;
				CLANG_ENABLE_MODULES = YES;
				"CODE_SIGN_IDENTITY[sdk=iphoneos*]" = "iPhone Developer";
				CODE_SIGN_STYLE = Automatic;
				DEVELOPMENT_TEAM = "";
				INFOPLIST_FILE = Unit5GroupProjectTwo/Info.plist;
				IPHONEOS_DEPLOYMENT_TARGET = 11.2;
				LD_RUNPATH_SEARCH_PATHS = "$(inherited) @executable_path/Frameworks";
				PRODUCT_BUNDLE_IDENTIFIER = ac.c4q.nyc.Unit5GroupProjectTwo;
				PRODUCT_NAME = "$(TARGET_NAME)";
				PROVISIONING_PROFILE_SPECIFIER = "";
				SWIFT_OBJC_BRIDGING_HEADER = "XianXian/Unit5GroupProjectTwo-Bridging-Header.h";
				SWIFT_VERSION = 4.0;
				TARGETED_DEVICE_FAMILY = "1,2";
			};
			name = Release;
		};
/* End XCBuildConfiguration section */

/* Begin XCConfigurationList section */
		81727909201FCB89002EE595 /* Build configuration list for PBXProject "Unit5GroupProjectTwo" */ = {
			isa = XCConfigurationList;
			buildConfigurations = (
				8172791E201FCB89002EE595 /* Debug */,
				8172791F201FCB89002EE595 /* Release */,
			);
			defaultConfigurationIsVisible = 0;
			defaultConfigurationName = Release;
		};
		81727920201FCB89002EE595 /* Build configuration list for PBXNativeTarget "Unit5GroupProjectTwo" */ = {
			isa = XCConfigurationList;
			buildConfigurations = (
				81727921201FCB89002EE595 /* Debug */,
				81727922201FCB89002EE595 /* Release */,
			);
			defaultConfigurationIsVisible = 0;
			defaultConfigurationName = Release;
		};
/* End XCConfigurationList section */
	};
	rootObject = 81727906201FCB89002EE595 /* Project object */;
}
